
Microsoft Visual Studio Solution File, Format Version 12.00
# Visual Studio Version 16
VisualStudioVersion = 16.0.33027.164
MinimumVisualStudioVersion = 10.0.40219.1
Project("{FAE04EC0-301F-11D3-BF4B-00C04F79EFBC}") = "GUI", "GUI\GUI.csproj", "{95AE753F-79A5-42DA-A504-8F3676E28C50}"
EndProject
Project("{FAE04EC0-301F-11D3-BF4B-00C04F79EFBC}") = "BLL", "BLL\BLL.csproj", "{A7F55F41-AD58-40D6-BCF9-B4719CF8FBD4}"
EndProject
Project("{FAE04EC0-301F-11D3-BF4B-00C04F79EFBC}") = "DAL", "DAL\DAL.csproj", "{29C31ED9-BCFD-4E12-BB89-B6B8A6681B1A}"
EndProject
Project("{FAE04EC0-301F-11D3-BF4B-00C04F79EFBC}") = "DTO", "DTO\DTO.csproj", "{F70B5622-6C2B-4273-93FC-D8D142269199}"
EndProject
Global
	GlobalSection(SolutionConfigurationPlatforms) = preSolution
		Debug|Any CPU = Debug|Any CPU
		Release|Any CPU = Release|Any CPU
	EndGlobalSection
	GlobalSection(ProjectConfigurationPlatforms) = postSolution
		{95AE753F-79A5-42DA-A504-8F3676E28C50}.Debug|Any CPU.ActiveCfg = Debug|Any CPU
		{95AE753F-79A5-42DA-A504-8F3676E28C50}.Debug|Any CPU.Build.0 = Debug|Any CPU
		{95AE753F-79A5-42DA-A504-8F3676E28C50}.Release|Any CPU.ActiveCfg = Release|Any CPU
		{95AE753F-79A5-42DA-A504-8F3676E28C50}.Release|Any CPU.Build.0 = Release|Any CPU
		{A7F55F41-AD58-40D6-BCF9-B4719CF8FBD4}.Debug|Any CPU.ActiveCfg = Debug|Any CPU
		{A7F55F41-AD58-40D6-BCF9-B4719CF8FBD4}.Debug|Any CPU.Build.0 = Debug|Any CPU
		{A7F55F41-AD58-40D6-BCF9-B4719CF8FBD4}.Release|Any CPU.ActiveCfg = Release|Any CPU
		{A7F55F41-AD58-40D6-BCF9-B4719CF8FBD4}.Release|Any CPU.Build.0 = Release|Any CPU
		{29C31ED9-BCFD-4E12-BB89-B6B8A6681B1A}.Debug|Any CPU.ActiveCfg = Debug|Any CPU
		{29C31ED9-BCFD-4E12-BB89-B6B8A6681B1A}.Debug|Any CPU.Build.0 = Debug|Any CPU
		{29C31ED9-BCFD-4E12-BB89-B6B8A6681B1A}.Release|Any CPU.ActiveCfg = Release|Any CPU
		{29C31ED9-BCFD-4E12-BB89-B6B8A6681B1A}.Release|Any CPU.Build.0 = Release|Any CPU
		{F70B5622-6C2B-4273-93FC-D8D142269199}.Debug|Any CPU.ActiveCfg = Debug|Any CPU
		{F70B5622-6C2B-4273-93FC-D8D142269199}.Debug|Any CPU.Build.0 = Debug|Any CPU
		{F70B5622-6C2B-4273-93FC-D8D142269199}.Release|Any CPU.ActiveCfg = Release|Any CPU
		{F70B5622-6C2B-4273-93FC-D8D142269199}.Release|Any CPU.Build.0 = Release|Any CPU
	EndGlobalSection
	GlobalSection(SolutionProperties) = preSolution
		HideSolutionNode = FALSE
	EndGlobalSection
	GlobalSection(ExtensibilityGlobals) = postSolution
		SolutionGuid = {3BF4C045-F3D0-4B52-83DF-C520E539131F}
	EndGlobalSection
EndGlobal
